
Microsoft Visual Studio Solution File, Format Version 12.00
# Visual Studio 15
VisualStudioVersion = 15.0.26730.16
MinimumVisualStudioVersion = 10.0.40219.1
Project("{FAE04EC0-301F-11D3-BF4B-00C04F79EFBC}") = "CrossPlatformAppXamarin.Android", "CrossPlatformAppXamarin\CrossPlatformAppXamarin.Android\CrossPlatformAppXamarin.Android.csproj", "{F456846F-4FEE-42D7-9F5C-7F70E782B395}"
EndProject
Project("{FAE04EC0-301F-11D3-BF4B-00C04F79EFBC}") = "CrossPlatformAppXamarin", "CrossPlatformAppXamarin\CrossPlatformAppXamarin\CrossPlatformAppXamarin.csproj", "{4DB58F9A-2FE3-4942-94D1-3D0E76024C5E}"
EndProject
Project("{FAE04EC0-301F-11D3-BF4B-00C04F79EFBC}") = "CrossPlatformAppXamarin.UWP", "CrossPlatformAppXamarin\CrossPlatformAppXamarin.UWP\CrossPlatformAppXamarin.UWP.csproj", "{53CB41B3-BE1E-4219-AD8D-6B756F3A9C1D}"
EndProject
Project("{FAE04EC0-301F-11D3-BF4B-00C04F79EFBC}") = "CrossPlatformAppXamarin.iOS", "CrossPlatformAppXamarin\CrossPlatformAppXamarin.iOS\CrossPlatformAppXamarin.iOS.csproj", "{64AB7199-E725-4281-A47A-0CDF70A04080}"
EndProject
Global
	GlobalSection(SolutionConfigurationPlatforms) = preSolution
		Ad-Hoc|Any CPU = Ad-Hoc|Any CPU
		Ad-Hoc|ARM = Ad-Hoc|ARM
		Ad-Hoc|iPhone = Ad-Hoc|iPhone
		Ad-Hoc|iPhoneSimulator = Ad-Hoc|iPhoneSimulator
		Ad-Hoc|x64 = Ad-Hoc|x64
		Ad-Hoc|x86 = Ad-Hoc|x86
		AppStore|Any CPU = AppStore|Any CPU
		AppStore|ARM = AppStore|ARM
		AppStore|iPhone = AppStore|iPhone
		AppStore|iPhoneSimulator = AppStore|iPhoneSimulator
		AppStore|x64 = AppStore|x64
		AppStore|x86 = AppStore|x86
		Debug|Any CPU = Debug|Any CPU
		Debug|ARM = Debug|ARM
		Debug|iPhone = Debug|iPhone
		Debug|iPhoneSimulator = Debug|iPhoneSimulator
		Debug|x64 = Debug|x64
		Debug|x86 = Debug|x86
		Release|Any CPU = Release|Any CPU
		Release|ARM = Release|ARM
		Release|iPhone = Release|iPhone
		Release|iPhoneSimulator = Release|iPhoneSimulator
		Release|x64 = Release|x64
		Release|x86 = Release|x86
	EndGlobalSection
	GlobalSection(ProjectConfigurationPlatforms) = postSolution
		{F456846F-4FEE-42D7-9F5C-7F70E782B395}.Ad-Hoc|Any CPU.ActiveCfg = Release|Any CPU
		{F456846F-4FEE-42D7-9F5C-7F70E782B395}.Ad-Hoc|Any CPU.Build.0 = Release|Any CPU
		{F456846F-4FEE-42D7-9F5C-7F70E782B395}.Ad-Hoc|Any CPU.Deploy.0 = Release|Any CPU
		{F456846F-4FEE-42D7-9F5C-7F70E782B395}.Ad-Hoc|ARM.ActiveCfg = Release|Any CPU
		{F456846F-4FEE-42D7-9F5C-7F70E782B395}.Ad-Hoc|ARM.Build.0 = Release|Any CPU
		{F456846F-4FEE-42D7-9F5C-7F70E782B395}.Ad-Hoc|ARM.Deploy.0 = Release|Any CPU
		{F456846F-4FEE-42D7-9F5C-7F70E782B395}.Ad-Hoc|iPhone.ActiveCfg = Release|Any CPU
		{F456846F-4FEE-42D7-9F5C-7F70E782B395}.Ad-Hoc|iPhone.Build.0 = Release|Any CPU
		{F456846F-4FEE-42D7-9F5C-7F70E782B395}.Ad-Hoc|iPhone.Deploy.0 = Release|Any CPU
		{F456846F-4FEE-42D7-9F5C-7F70E782B395}.Ad-Hoc|iPhoneSimulator.ActiveCfg = Release|Any CPU
		{F456846F-4FEE-42D7-9F5C-7F70E782B395}.Ad-Hoc|iPhoneSimulator.Build.0 = Release|Any CPU
		{F456846F-4FEE-42D7-9F5C-7F70E782B395}.Ad-Hoc|iPhoneSimulator.Deploy.0 = Release|Any CPU
		{F456846F-4FEE-42D7-9F5C-7F70E782B395}.Ad-Hoc|x64.ActiveCfg = Release|Any CPU
		{F456846F-4FEE-42D7-9F5C-7F70E782B395}.Ad-Hoc|x64.Build.0 = Release|Any CPU
		{F456846F-4FEE-42D7-9F5C-7F70E782B395}.Ad-Hoc|x64.Deploy.0 = Release|Any CPU
		{F456846F-4FEE-42D7-9F5C-7F70E782B395}.Ad-Hoc|x86.ActiveCfg = Release|Any CPU
		{F456846F-4FEE-42D7-9F5C-7F70E782B395}.Ad-Hoc|x86.Build.0 = Release|Any CPU
		{F456846F-4FEE-42D7-9F5C-7F70E782B395}.Ad-Hoc|x86.Deploy.0 = Release|Any CPU
		{F456846F-4FEE-42D7-9F5C-7F70E782B395}.AppStore|Any CPU.ActiveCfg = Release|Any CPU
		{F456846F-4FEE-42D7-9F5C-7F70E782B395}.AppStore|Any CPU.Build.0 = Release|Any CPU
		{F456846F-4FEE-42D7-9F5C-7F70E782B395}.AppStore|Any CPU.Deploy.0 = Release|Any CPU
		{F456846F-4FEE-42D7-9F5C-7F70E782B395}.AppStore|ARM.ActiveCfg = Release|Any CPU
		{F456846F-4FEE-42D7-9F5C-7F70E782B395}.AppStore|ARM.Build.0 = Release|Any CPU
		{F456846F-4FEE-42D7-9F5C-7F70E782B395}.AppStore|ARM.Deploy.0 = Release|Any CPU
		{F456846F-4FEE-42D7-9F5C-7F70E782B395}.AppStore|iPhone.ActiveCfg = Release|Any CPU
		{F456846F-4FEE-42D7-9F5C-7F70E782B395}.AppStore|iPhone.Build.0 = Release|Any CPU
		{F456846F-4FEE-42D7-9F5C-7F70E782B395}.AppStore|iPhone.Deploy.0 = Release|Any CPU
		{F456846F-4FEE-42D7-9F5C-7F70E782B395}.AppStore|iPhoneSimulator.ActiveCfg = Release|Any CPU
		{F456846F-4FEE-42D7-9F5C-7F70E782B395}.AppStore|iPhoneSimulator.Build.0 = Release|Any CPU
		{F456846F-4FEE-42D7-9F5C-7F70E782B395}.AppStore|iPhoneSimulator.Deploy.0 = Release|Any CPU
		{F456846F-4FEE-42D7-9F5C-7F70E782B395}.AppStore|x64.ActiveCfg = Release|Any CPU
		{F456846F-4FEE-42D7-9F5C-7F70E782B395}.AppStore|x64.Build.0 = Release|Any CPU
		{F456846F-4FEE-42D7-9F5C-7F70E782B395}.AppStore|x64.Deploy.0 = Release|Any CPU
		{F456846F-4FEE-42D7-9F5C-7F70E782B395}.AppStore|x86.ActiveCfg = Release|Any CPU
		{F456846F-4FEE-42D7-9F5C-7F70E782B395}.AppStore|x86.Build.0 = Release|Any CPU
		{F456846F-4FEE-42D7-9F5C-7F70E782B395}.AppStore|x86.Deploy.0 = Release|Any CPU
		{F456846F-4FEE-42D7-9F5C-7F70E782B395}.Debug|Any CPU.ActiveCfg = Debug|Any CPU
		{F456846F-4FEE-42D7-9F5C-7F70E782B395}.Debug|Any CPU.Build.0 = Debug|Any CPU
		{F456846F-4FEE-42D7-9F5C-7F70E782B395}.Debug|Any CPU.Deploy.0 = Debug|Any CPU
		{F456846F-4FEE-42D7-9F5C-7F70E782B395}.Debug|ARM.ActiveCfg = Debug|Any CPU
		{F456846F-4FEE-42D7-9F5C-7F70E782B395}.Debug|ARM.Build.0 = Debug|Any CPU
		{F456846F-4FEE-42D7-9F5C-7F70E782B395}.Debug|ARM.Deploy.0 = Debug|Any CPU
		{F456846F-4FEE-42D7-9F5C-7F70E782B395}.Debug|iPhone.ActiveCfg = Debug|Any CPU
		{F456846F-4FEE-42D7-9F5C-7F70E782B395}.Debug|iPhone.Build.0 = Debug|Any CPU
		{F456846F-4FEE-42D7-9F5C-7F70E782B395}.Debug|iPhone.Deploy.0 = Debug|Any CPU
		{F456846F-4FEE-42D7-9F5C-7F70E782B395}.Debug|iPhoneSimulator.ActiveCfg = Debug|Any CPU
		{F456846F-4FEE-42D7-9F5C-7F70E782B395}.Debug|iPhoneSimulator.Build.0 = Debug|Any CPU
		{F456846F-4FEE-42D7-9F5C-7F70E782B395}.Debug|iPhoneSimulator.Deploy.0 = Debug|Any CPU
		{F456846F-4FEE-42D7-9F5C-7F70E782B395}.Debug|x64.ActiveCfg = Debug|Any CPU
		{F456846F-4FEE-42D7-9F5C-7F70E782B395}.Debug|x64.Build.0 = Debug|Any CPU
		{F456846F-4FEE-42D7-9F5C-7F70E782B395}.Debug|x64.Deploy.0 = Debug|Any CPU
		{F456846F-4FEE-42D7-9F5C-7F70E782B395}.Debug|x86.ActiveCfg = Debug|Any CPU
		{F456846F-4FEE-42D7-9F5C-7F70E782B395}.Debug|x86.Build.0 = Debug|Any CPU
		{F456846F-4FEE-42D7-9F5C-7F70E782B395}.Debug|x86.Deploy.0 = Debug|Any CPU
		{F456846F-4FEE-42D7-9F5C-7F70E782B395}.Release|Any CPU.ActiveCfg = Release|Any CPU
		{F456846F-4FEE-42D7-9F5C-7F70E782B395}.Release|Any CPU.Build.0 = Release|Any CPU
		{F456846F-4FEE-42D7-9F5C-7F70E782B395}.Release|Any CPU.Deploy.0 = Release|Any CPU
		{F456846F-4FEE-42D7-9F5C-7F70E782B395}.Release|ARM.ActiveCfg = Release|Any CPU
		{F456846F-4FEE-42D7-9F5C-7F70E782B395}.Release|ARM.Build.0 = Release|Any CPU
		{F456846F-4FEE-42D7-9F5C-7F70E782B395}.Release|ARM.Deploy.0 = Release|Any CPU
		{F456846F-4FEE-42D7-9F5C-7F70E782B395}.Release|iPhone.ActiveCfg = Release|Any CPU
		{F456846F-4FEE-42D7-9F5C-7F70E782B395}.Release|iPhone.Build.0 = Release|Any CPU
		{F456846F-4FEE-42D7-9F5C-7F70E782B395}.Release|iPhone.Deploy.0 = Release|Any CPU
		{F456846F-4FEE-42D7-9F5C-7F70E782B395}.Release|iPhoneSimulator.ActiveCfg = Release|Any CPU
		{F456846F-4FEE-42D7-9F5C-7F70E782B395}.Release|iPhoneSimulator.Build.0 = Release|Any CPU
		{F456846F-4FEE-42D7-9F5C-7F70E782B395}.Release|iPhoneSimulator.Deploy.0 = Release|Any CPU
		{F456846F-4FEE-42D7-9F5C-7F70E782B395}.Release|x64.ActiveCfg = Release|Any CPU
		{F456846F-4FEE-42D7-9F5C-7F70E782B395}.Release|x64.Build.0 = Release|Any CPU
		{F456846F-4FEE-42D7-9F5C-7F70E782B395}.Release|x64.Deploy.0 = Release|Any CPU
		{F456846F-4FEE-42D7-9F5C-7F70E782B395}.Release|x86.ActiveCfg = Release|Any CPU
		{F456846F-4FEE-42D7-9F5C-7F70E782B395}.Release|x86.Build.0 = Release|Any CPU
		{F456846F-4FEE-42D7-9F5C-7F70E782B395}.Release|x86.Deploy.0 = Release|Any CPU
		{4DB58F9A-2FE3-4942-94D1-3D0E76024C5E}.Ad-Hoc|Any CPU.ActiveCfg = Release|Any CPU
		{4DB58F9A-2FE3-4942-94D1-3D0E76024C5E}.Ad-Hoc|Any CPU.Build.0 = Release|Any CPU
		{4DB58F9A-2FE3-4942-94D1-3D0E76024C5E}.Ad-Hoc|ARM.ActiveCfg = Release|Any CPU
		{4DB58F9A-2FE3-4942-94D1-3D0E76024C5E}.Ad-Hoc|ARM.Build.0 = Release|Any CPU
		{4DB58F9A-2FE3-4942-94D1-3D0E76024C5E}.Ad-Hoc|iPhone.ActiveCfg = Release|Any CPU
		{4DB58F9A-2FE3-4942-94D1-3D0E76024C5E}.Ad-Hoc|iPhone.Build.0 = Release|Any CPU
		{4DB58F9A-2FE3-4942-94D1-3D0E76024C5E}.Ad-Hoc|iPhoneSimulator.ActiveCfg = Release|Any CPU
		{4DB58F9A-2FE3-4942-94D1-3D0E76024C5E}.Ad-Hoc|iPhoneSimulator.Build.0 = Release|Any CPU
		{4DB58F9A-2FE3-4942-94D1-3D0E76024C5E}.Ad-Hoc|x64.ActiveCfg = Release|Any CPU
		{4DB58F9A-2FE3-4942-94D1-3D0E76024C5E}.Ad-Hoc|x64.Build.0 = Release|Any CPU
		{4DB58F9A-2FE3-4942-94D1-3D0E76024C5E}.Ad-Hoc|x86.ActiveCfg = Release|Any CPU
		{4DB58F9A-2FE3-4942-94D1-3D0E76024C5E}.Ad-Hoc|x86.Build.0 = Release|Any CPU
		{4DB58F9A-2FE3-4942-94D1-3D0E76024C5E}.AppStore|Any CPU.ActiveCfg = Release|Any CPU
		{4DB58F9A-2FE3-4942-94D1-3D0E76024C5E}.AppStore|Any CPU.Build.0 = Release|Any CPU
		{4DB58F9A-2FE3-4942-94D1-3D0E76024C5E}.AppStore|ARM.ActiveCfg = Release|Any CPU
		{4DB58F9A-2FE3-4942-94D1-3D0E76024C5E}.AppStore|ARM.Build.0 = Release|Any CPU
		{4DB58F9A-2FE3-4942-94D1-3D0E76024C5E}.AppStore|iPhone.ActiveCfg = Release|Any CPU
		{4DB58F9A-2FE3-4942-94D1-3D0E76024C5E}.AppStore|iPhone.Build.0 = Release|Any CPU
		{4DB58F9A-2FE3-4942-94D1-3D0E76024C5E}.AppStore|iPhoneSimulator.ActiveCfg = Release|Any CPU
		{4DB58F9A-2FE3-4942-94D1-3D0E76024C5E}.AppStore|iPhoneSimulator.Build.0 = Release|Any CPU
		{4DB58F9A-2FE3-4942-94D1-3D0E76024C5E}.AppStore|x64.ActiveCfg = Release|Any CPU
		{4DB58F9A-2FE3-4942-94D1-3D0E76024C5E}.AppStore|x64.Build.0 = Release|Any CPU
		{4DB58F9A-2FE3-4942-94D1-3D0E76024C5E}.AppStore|x86.ActiveCfg = Release|Any CPU
		{4DB58F9A-2FE3-4942-94D1-3D0E76024C5E}.AppStore|x86.Build.0 = Release|Any CPU
		{4DB58F9A-2FE3-4942-94D1-3D0E76024C5E}.Debug|Any CPU.ActiveCfg = Debug|Any CPU
		{4DB58F9A-2FE3-4942-94D1-3D0E76024C5E}.Debug|Any CPU.Build.0 = Debug|Any CPU
		{4DB58F9A-2FE3-4942-94D1-3D0E76024C5E}.Debug|ARM.ActiveCfg = Debug|Any CPU
		{4DB58F9A-2FE3-4942-94D1-3D0E76024C5E}.Debug|ARM.Build.0 = Debug|Any CPU
		{4DB58F9A-2FE3-4942-94D1-3D0E76024C5E}.Debug|iPhone.ActiveCfg = Debug|Any CPU
		{4DB58F9A-2FE3-4942-94D1-3D0E76024C5E}.Debug|iPhone.Build.0 = Debug|Any CPU
		{4DB58F9A-2FE3-4942-94D1-3D0E76024C5E}.Debug|iPhoneSimulator.ActiveCfg = Debug|Any CPU
		{4DB58F9A-2FE3-4942-94D1-3D0E76024C5E}.Debug|iPhoneSimulator.Build.0 = Debug|Any CPU
		{4DB58F9A-2FE3-4942-94D1-3D0E76024C5E}.Debug|x64.ActiveCfg = Debug|Any CPU
		{4DB58F9A-2FE3-4942-94D1-3D0E76024C5E}.Debug|x64.Build.0 = Debug|Any CPU
		{4DB58F9A-2FE3-4942-94D1-3D0E76024C5E}.Debug|x86.ActiveCfg = Debug|Any CPU
		{4DB58F9A-2FE3-4942-94D1-3D0E76024C5E}.Debug|x86.Build.0 = Debug|Any CPU
		{4DB58F9A-2FE3-4942-94D1-3D0E76024C5E}.Release|Any CPU.ActiveCfg = Release|Any CPU
		{4DB58F9A-2FE3-4942-94D1-3D0E76024C5E}.Release|Any CPU.Build.0 = Release|Any CPU
		{4DB58F9A-2FE3-4942-94D1-3D0E76024C5E}.Release|ARM.ActiveCfg = Release|Any CPU
		{4DB58F9A-2FE3-4942-94D1-3D0E76024C5E}.Release|ARM.Build.0 = Release|Any CPU
		{4DB58F9A-2FE3-4942-94D1-3D0E76024C5E}.Release|iPhone.ActiveCfg = Release|Any CPU
		{4DB58F9A-2FE3-4942-94D1-3D0E76024C5E}.Release|iPhone.Build.0 = Release|Any CPU
		{4DB58F9A-2FE3-4942-94D1-3D0E76024C5E}.Release|iPhoneSimulator.ActiveCfg = Release|Any CPU
		{4DB58F9A-2FE3-4942-94D1-3D0E76024C5E}.Release|iPhoneSimulator.Build.0 = Release|Any CPU
		{4DB58F9A-2FE3-4942-94D1-3D0E76024C5E}.Release|x64.ActiveCfg = Release|Any CPU
		{4DB58F9A-2FE3-4942-94D1-3D0E76024C5E}.Release|x64.Build.0 = Release|Any CPU
		{4DB58F9A-2FE3-4942-94D1-3D0E76024C5E}.Release|x86.ActiveCfg = Release|Any CPU
		{4DB58F9A-2FE3-4942-94D1-3D0E76024C5E}.Release|x86.Build.0 = Release|Any CPU
		{53CB41B3-BE1E-4219-AD8D-6B756F3A9C1D}.Ad-Hoc|Any CPU.ActiveCfg = Release|x86
		{53CB41B3-BE1E-4219-AD8D-6B756F3A9C1D}.Ad-Hoc|Any CPU.Build.0 = Release|x86
		{53CB41B3-BE1E-4219-AD8D-6B756F3A9C1D}.Ad-Hoc|Any CPU.Deploy.0 = Release|x86
		{53CB41B3-BE1E-4219-AD8D-6B756F3A9C1D}.Ad-Hoc|ARM.ActiveCfg = Release|ARM
		{53CB41B3-BE1E-4219-AD8D-6B756F3A9C1D}.Ad-Hoc|ARM.Build.0 = Release|ARM
		{53CB41B3-BE1E-4219-AD8D-6B756F3A9C1D}.Ad-Hoc|ARM.Deploy.0 = Release|ARM
		{53CB41B3-BE1E-4219-AD8D-6B756F3A9C1D}.Ad-Hoc|iPhone.ActiveCfg = Release|x86
		{53CB41B3-BE1E-4219-AD8D-6B756F3A9C1D}.Ad-Hoc|iPhone.Build.0 = Release|x86
		{53CB41B3-BE1E-4219-AD8D-6B756F3A9C1D}.Ad-Hoc|iPhone.Deploy.0 = Release|x86
		{53CB41B3-BE1E-4219-AD8D-6B756F3A9C1D}.Ad-Hoc|iPhoneSimulator.ActiveCfg = Release|x86
		{53CB41B3-BE1E-4219-AD8D-6B756F3A9C1D}.Ad-Hoc|iPhoneSimulator.Build.0 = Release|x86
		{53CB41B3-BE1E-4219-AD8D-6B756F3A9C1D}.Ad-Hoc|iPhoneSimulator.Deploy.0 = Release|x86
		{53CB41B3-BE1E-4219-AD8D-6B756F3A9C1D}.Ad-Hoc|x64.ActiveCfg = Release|x64
		{53CB41B3-BE1E-4219-AD8D-6B756F3A9C1D}.Ad-Hoc|x64.Build.0 = Release|x64
		{53CB41B3-BE1E-4219-AD8D-6B756F3A9C1D}.Ad-Hoc|x64.Deploy.0 = Release|x64
		{53CB41B3-BE1E-4219-AD8D-6B756F3A9C1D}.Ad-Hoc|x86.ActiveCfg = Release|x86
		{53CB41B3-BE1E-4219-AD8D-6B756F3A9C1D}.Ad-Hoc|x86.Build.0 = Release|x86
		{53CB41B3-BE1E-4219-AD8D-6B756F3A9C1D}.Ad-Hoc|x86.Deploy.0 = Release|x86
		{53CB41B3-BE1E-4219-AD8D-6B756F3A9C1D}.AppStore|Any CPU.ActiveCfg = Release|x86
		{53CB41B3-BE1E-4219-AD8D-6B756F3A9C1D}.AppStore|Any CPU.Build.0 = Release|x86
		{53CB41B3-BE1E-4219-AD8D-6B756F3A9C1D}.AppStore|Any CPU.Deploy.0 = Release|x86
		{53CB41B3-BE1E-4219-AD8D-6B756F3A9C1D}.AppStore|ARM.ActiveCfg = Release|ARM
		{53CB41B3-BE1E-4219-AD8D-6B756F3A9C1D}.AppStore|ARM.Build.0 = Release|ARM
		{53CB41B3-BE1E-4219-AD8D-6B756F3A9C1D}.AppStore|ARM.Deploy.0 = Release|ARM
		{53CB41B3-BE1E-4219-AD8D-6B756F3A9C1D}.AppStore|iPhone.ActiveCfg = Release|x86
		{53CB41B3-BE1E-4219-AD8D-6B756F3A9C1D}.AppStore|iPhone.Build.0 = Release|x86
		{53CB41B3-BE1E-4219-AD8D-6B756F3A9C1D}.AppStore|iPhone.Deploy.0 = Release|x86
		{53CB41B3-BE1E-4219-AD8D-6B756F3A9C1D}.AppStore|iPhoneSimulator.ActiveCfg = Release|x86
		{53CB41B3-BE1E-4219-AD8D-6B756F3A9C1D}.AppStore|iPhoneSimulator.Build.0 = Release|x86
		{53CB41B3-BE1E-4219-AD8D-6B756F3A9C1D}.AppStore|iPhoneSimulator.Deploy.0 = Release|x86
		{53CB41B3-BE1E-4219-AD8D-6B756F3A9C1D}.AppStore|x64.ActiveCfg = Release|x64
		{53CB41B3-BE1E-4219-AD8D-6B756F3A9C1D}.AppStore|x64.Build.0 = Release|x64
		{53CB41B3-BE1E-4219-AD8D-6B756F3A9C1D}.AppStore|x64.Deploy.0 = Release|x64
		{53CB41B3-BE1E-4219-AD8D-6B756F3A9C1D}.AppStore|x86.ActiveCfg = Release|x86
		{53CB41B3-BE1E-4219-AD8D-6B756F3A9C1D}.AppStore|x86.Build.0 = Release|x86
		{53CB41B3-BE1E-4219-AD8D-6B756F3A9C1D}.AppStore|x86.Deploy.0 = Release|x86
		{53CB41B3-BE1E-4219-AD8D-6B756F3A9C1D}.Debug|Any CPU.ActiveCfg = Debug|x86
		{53CB41B3-BE1E-4219-AD8D-6B756F3A9C1D}.Debug|ARM.ActiveCfg = Debug|ARM
		{53CB41B3-BE1E-4219-AD8D-6B756F3A9C1D}.Debug|ARM.Build.0 = Debug|ARM
		{53CB41B3-BE1E-4219-AD8D-6B756F3A9C1D}.Debug|ARM.Deploy.0 = Debug|ARM
		{53CB41B3-BE1E-4219-AD8D-6B756F3A9C1D}.Debug|iPhone.ActiveCfg = Debug|x86
		{53CB41B3-BE1E-4219-AD8D-6B756F3A9C1D}.Debug|iPhoneSimulator.ActiveCfg = Debug|x86
		{53CB41B3-BE1E-4219-AD8D-6B756F3A9C1D}.Debug|x64.ActiveCfg = Debug|x64
		{53CB41B3-BE1E-4219-AD8D-6B756F3A9C1D}.Debug|x64.Build.0 = Debug|x64
		{53CB41B3-BE1E-4219-AD8D-6B756F3A9C1D}.Debug|x64.Deploy.0 = Debug|x64
		{53CB41B3-BE1E-4219-AD8D-6B756F3A9C1D}.Debug|x86.ActiveCfg = Debug|x86
		{53CB41B3-BE1E-4219-AD8D-6B756F3A9C1D}.Debug|x86.Build.0 = Debug|x86
		{53CB41B3-BE1E-4219-AD8D-6B756F3A9C1D}.Debug|x86.Deploy.0 = Debug|x86
		{53CB41B3-BE1E-4219-AD8D-6B756F3A9C1D}.Release|Any CPU.ActiveCfg = Release|x86
		{53CB41B3-BE1E-4219-AD8D-6B756F3A9C1D}.Release|ARM.ActiveCfg = Release|ARM
		{53CB41B3-BE1E-4219-AD8D-6B756F3A9C1D}.Release|ARM.Build.0 = Release|ARM
		{53CB41B3-BE1E-4219-AD8D-6B756F3A9C1D}.Release|ARM.Deploy.0 = Release|ARM
		{53CB41B3-BE1E-4219-AD8D-6B756F3A9C1D}.Release|iPhone.ActiveCfg = Release|x86
		{53CB41B3-BE1E-4219-AD8D-6B756F3A9C1D}.Release|iPhoneSimulator.ActiveCfg = Release|x86
		{53CB41B3-BE1E-4219-AD8D-6B756F3A9C1D}.Release|x64.ActiveCfg = Release|x64
		{53CB41B3-BE1E-4219-AD8D-6B756F3A9C1D}.Release|x64.Build.0 = Release|x64
		{53CB41B3-BE1E-4219-AD8D-6B756F3A9C1D}.Release|x64.Deploy.0 = Release|x64
		{53CB41B3-BE1E-4219-AD8D-6B756F3A9C1D}.Release|x86.ActiveCfg = Release|x86
		{53CB41B3-BE1E-4219-AD8D-6B756F3A9C1D}.Release|x86.Build.0 = Release|x86
		{53CB41B3-BE1E-4219-AD8D-6B756F3A9C1D}.Release|x86.Deploy.0 = Release|x86
		{64AB7199-E725-4281-A47A-0CDF70A04080}.Ad-Hoc|Any CPU.ActiveCfg = Ad-Hoc|iPhone
		{64AB7199-E725-4281-A47A-0CDF70A04080}.Ad-Hoc|ARM.ActiveCfg = Ad-Hoc|iPhone
		{64AB7199-E725-4281-A47A-0CDF70A04080}.Ad-Hoc|iPhone.ActiveCfg = Ad-Hoc|iPhone
		{64AB7199-E725-4281-A47A-0CDF70A04080}.Ad-Hoc|iPhone.Build.0 = Ad-Hoc|iPhone
		{64AB7199-E725-4281-A47A-0CDF70A04080}.Ad-Hoc|iPhoneSimulator.ActiveCfg = Ad-Hoc|iPhoneSimulator
		{64AB7199-E725-4281-A47A-0CDF70A04080}.Ad-Hoc|iPhoneSimulator.Build.0 = Ad-Hoc|iPhoneSimulator
		{64AB7199-E725-4281-A47A-0CDF70A04080}.Ad-Hoc|x64.ActiveCfg = Ad-Hoc|iPhone
		{64AB7199-E725-4281-A47A-0CDF70A04080}.Ad-Hoc|x86.ActiveCfg = Ad-Hoc|iPhone
		{64AB7199-E725-4281-A47A-0CDF70A04080}.AppStore|Any CPU.ActiveCfg = AppStore|iPhone
		{64AB7199-E725-4281-A47A-0CDF70A04080}.AppStore|ARM.ActiveCfg = AppStore|iPhone
		{64AB7199-E725-4281-A47A-0CDF70A04080}.AppStore|iPhone.ActiveCfg = AppStore|iPhone
		{64AB7199-E725-4281-A47A-0CDF70A04080}.AppStore|iPhone.Build.0 = AppStore|iPhone
		{64AB7199-E725-4281-A47A-0CDF70A04080}.AppStore|iPhoneSimulator.ActiveCfg = AppStore|iPhoneSimulator
		{64AB7199-E725-4281-A47A-0CDF70A04080}.AppStore|iPhoneSimulator.Build.0 = AppStore|iPhoneSimulator
		{64AB7199-E725-4281-A47A-0CDF70A04080}.AppStore|x64.ActiveCfg = AppStore|iPhone
		{64AB7199-E725-4281-A47A-0CDF70A04080}.AppStore|x86.ActiveCfg = AppStore|iPhone
		{64AB7199-E725-4281-A47A-0CDF70A04080}.Debug|Any CPU.ActiveCfg = Debug|iPhone
		{64AB7199-E725-4281-A47A-0CDF70A04080}.Debug|ARM.ActiveCfg = Debug|iPhone
		{64AB7199-E725-4281-A47A-0CDF70A04080}.Debug|iPhone.ActiveCfg = Debug|iPhone
		{64AB7199-E725-4281-A47A-0CDF70A04080}.Debug|iPhone.Build.0 = Debug|iPhone
		{64AB7199-E725-4281-A47A-0CDF70A04080}.Debug|iPhoneSimulator.ActiveCfg = Debug|iPhoneSimulator
		{64AB7199-E725-4281-A47A-0CDF70A04080}.Debug|iPhoneSimulator.Build.0 = Debug|iPhoneSimulator
		{64AB7199-E725-4281-A47A-0CDF70A04080}.Debug|x64.ActiveCfg = Debug|iPhone
		{64AB7199-E725-4281-A47A-0CDF70A04080}.Debug|x86.ActiveCfg = Debug|iPhone
		{64AB7199-E725-4281-A47A-0CDF70A04080}.Release|Any CPU.ActiveCfg = Release|iPhone
		{64AB7199-E725-4281-A47A-0CDF70A04080}.Release|ARM.ActiveCfg = Release|iPhone
		{64AB7199-E725-4281-A47A-0CDF70A04080}.Release|iPhone.ActiveCfg = Release|iPhone
		{64AB7199-E725-4281-A47A-0CDF70A04080}.Release|iPhone.Build.0 = Release|iPhone
		{64AB7199-E725-4281-A47A-0CDF70A04080}.Release|iPhoneSimulator.ActiveCfg = Release|iPhoneSimulator
		{64AB7199-E725-4281-A47A-0CDF70A04080}.Release|iPhoneSimulator.Build.0 = Release|iPhoneSimulator
		{64AB7199-E725-4281-A47A-0CDF70A04080}.Release|x64.ActiveCfg = Release|iPhone
		{64AB7199-E725-4281-A47A-0CDF70A04080}.Release|x86.ActiveCfg = Release|iPhone
	EndGlobalSection
	GlobalSection(SolutionProperties) = preSolution
		HideSolutionNode = FALSE
	EndGlobalSection
	GlobalSection(ExtensibilityGlobals) = postSolution
		SolutionGuid = {A66878F4-DA6B-40CA-A4EE-63F3597DF040}
	EndGlobalSection
EndGlobal
